
Microsoft Visual Studio Solution File, Format Version 12.00
# Visual Studio Version 17
VisualStudioVersion = 17.5.002.0
MinimumVisualStudioVersion = 10.0.40219.1
Project("{2150E333-8FDC-42A3-9474-1A3956D46DE8}") = "csharp-prep", "csharp-prep", "{9E866E7A-12EC-4409-8FFA-B7111A19B31E}"
EndProject
Project("{9A19103F-16F7-4668-BE54-9A1E7A4F7556}") = "Prep1", "csharp-prep\Prep1\Prep1.csproj", "{C64E4445-955C-42D5-AA4A-BAA1C74E3322}"
EndProject
Project("{9A19103F-16F7-4668-BE54-9A1E7A4F7556}") = "Prep2", "csharp-prep\Prep2\Prep2.csproj", "{C4BD9025-08AE-4AA4-BE10-6BC19E9D6F43}"
EndProject
Project("{9A19103F-16F7-4668-BE54-9A1E7A4F7556}") = "Prep3", "csharp-prep\Prep3\Prep3.csproj", "{D02EDB99-DF50-4DAC-85BB-362ECD50067F}"
EndProject
Project("{9A19103F-16F7-4668-BE54-9A1E7A4F7556}") = "Prep4", "csharp-prep\Prep4\Prep4.csproj", "{E321DE56-A99E-4714-A88B-C607C3594CEE}"
EndProject
Project("{9A19103F-16F7-4668-BE54-9A1E7A4F7556}") = "Prep5", "csharp-prep\Prep5\Prep5.csproj", "{4843B375-9C4D-4C7C-BF83-34219AA62E9A}"
EndProject
Project("{2150E333-8FDC-42A3-9474-1A3956D46DE8}") = "final", "final", "{E0851951-FCB0-41BC-8F3C-5D7D6FC2841C}"
EndProject
Project("{9A19103F-16F7-4668-BE54-9A1E7A4F7556}") = "FinalProject", "final\FinalProject\FinalProject.csproj", "{B79553A5-7B26-40C9-8BD7-79414356E9B3}"
EndProject
Project("{9A19103F-16F7-4668-BE54-9A1E7A4F7556}") = "Foundation1", "final\Foundation1\Foundation1.csproj", "{538671ED-6D80-4577-B928-D2C281E7F8CC}"
EndProject
Project("{9A19103F-16F7-4668-BE54-9A1E7A4F7556}") = "Foundation2", "final\Foundation2\Foundation2.csproj", "{A7B3D161-B8A7-4B24-8A4E-C05F1FAD784F}"
EndProject
Project("{9A19103F-16F7-4668-BE54-9A1E7A4F7556}") = "Foundation3", "final\Foundation3\Foundation3.csproj", "{E47332C7-E7A0-471C-9902-C68900C33008}"
EndProject
Project("{9A19103F-16F7-4668-BE54-9A1E7A4F7556}") = "Foundation4", "final\Foundation4\Foundation4.csproj", "{C69BE938-7DAE-4E99-A94F-C5CDF0BE14CE}"
EndProject
Project("{2150E333-8FDC-42A3-9474-1A3956D46DE8}") = "prepare", "prepare", "{689E477A-EB25-48AF-9255-DD9142C13DE3}"
EndProject
Project("{9A19103F-16F7-4668-BE54-9A1E7A4F7556}") = "Learning02", "prepare\Learning02\Learning02.csproj", "{F7F4BAD3-61B4-40A2-8673-0801126C645A}"
EndProject
Project("{9A19103F-16F7-4668-BE54-9A1E7A4F7556}") = "Learning03", "prepare\Learning03\Learning03.csproj", "{4F2A2790-F4D2-4A27-A7BA-E424DB29B4FC}"
EndProject
Project("{9A19103F-16F7-4668-BE54-9A1E7A4F7556}") = "Learning04", "prepare\Learning04\Learning04.csproj", "{3E686F4F-AE7F-4DD9-94D3-F234FF23D467}"
EndProject
Project("{9A19103F-16F7-4668-BE54-9A1E7A4F7556}") = "Learning05", "prepare\Learning05\Learning05.csproj", "{D7674729-20FA-437B-8A90-14604F43987D}"
EndProject
Project("{2150E333-8FDC-42A3-9474-1A3956D46DE8}") = "prove", "prove", "{3AA89716-55B9-4A3F-AA0B-4D83CADC8854}"
EndProject
Project("{9A19103F-16F7-4668-BE54-9A1E7A4F7556}") = "Develop02", "prove\Develop02\Develop02.csproj", "{1F34D60B-FCE3-4BD8-9D5F-9F0175472308}"
EndProject
Project("{9A19103F-16F7-4668-BE54-9A1E7A4F7556}") = "Develop03", "prove\Develop03\Develop03.csproj", "{E3E174D7-8CF2-4375-85AC-0EDC868217E0}"
EndProject
Project("{9A19103F-16F7-4668-BE54-9A1E7A4F7556}") = "Develop04", "prove\Develop04\Develop04.csproj", "{3A3C0122-61FB-4CF0-BD97-F6B5BFC5F229}"
EndProject
Project("{9A19103F-16F7-4668-BE54-9A1E7A4F7556}") = "Develop05", "prove\Develop05\Develop05.csproj", "{F307A624-E713-4861-ABAE-A61E8C32DCF5}"
EndProject
Project("{2150E333-8FDC-42A3-9474-1A3956D46DE8}") = "sandbox", "sandbox", "{4A741A04-7C87-49EB-AC41-CC5E18AFCCBB}"
EndProject
Project("{9A19103F-16F7-4668-BE54-9A1E7A4F7556}") = "Sandbox", "sandbox\Sandbox\Sandbox.csproj", "{6F3CC332-5C3B-4352-B192-62E66D9028FE}"
EndProject
Global
	GlobalSection(SolutionConfigurationPlatforms) = preSolution
		Debug|Any CPU = Debug|Any CPU
		Release|Any CPU = Release|Any CPU
	EndGlobalSection
	GlobalSection(ProjectConfigurationPlatforms) = postSolution
		{C64E4445-955C-42D5-AA4A-BAA1C74E3322}.Debug|Any CPU.ActiveCfg = Debug|Any CPU
		{C64E4445-955C-42D5-AA4A-BAA1C74E3322}.Debug|Any CPU.Build.0 = Debug|Any CPU
		{C64E4445-955C-42D5-AA4A-BAA1C74E3322}.Release|Any CPU.ActiveCfg = Release|Any CPU
		{C64E4445-955C-42D5-AA4A-BAA1C74E3322}.Release|Any CPU.Build.0 = Release|Any CPU
		{C4BD9025-08AE-4AA4-BE10-6BC19E9D6F43}.Debug|Any CPU.ActiveCfg = Debug|Any CPU
		{C4BD9025-08AE-4AA4-BE10-6BC19E9D6F43}.Debug|Any CPU.Build.0 = Debug|Any CPU
		{C4BD9025-08AE-4AA4-BE10-6BC19E9D6F43}.Release|Any CPU.ActiveCfg = Release|Any CPU
		{C4BD9025-08AE-4AA4-BE10-6BC19E9D6F43}.Release|Any CPU.Build.0 = Release|Any CPU
		{D02EDB99-DF50-4DAC-85BB-362ECD50067F}.Debug|Any CPU.ActiveCfg = Debug|Any CPU
		{D02EDB99-DF50-4DAC-85BB-362ECD50067F}.Debug|Any CPU.Build.0 = Debug|Any CPU
		{D02EDB99-DF50-4DAC-85BB-362ECD50067F}.Release|Any CPU.ActiveCfg = Release|Any CPU
		{D02EDB99-DF50-4DAC-85BB-362ECD50067F}.Release|Any CPU.Build.0 = Release|Any CPU
		{E321DE56-A99E-4714-A88B-C607C3594CEE}.Debug|Any CPU.ActiveCfg = Debug|Any CPU
		{E321DE56-A99E-4714-A88B-C607C3594CEE}.Debug|Any CPU.Build.0 = Debug|Any CPU
		{E321DE56-A99E-4714-A88B-C607C3594CEE}.Release|Any CPU.ActiveCfg = Release|Any CPU
		{E321DE56-A99E-4714-A88B-C607C3594CEE}.Release|Any CPU.Build.0 = Release|Any CPU
		{4843B375-9C4D-4C7C-BF83-34219AA62E9A}.Debug|Any CPU.ActiveCfg = Debug|Any CPU
		{4843B375-9C4D-4C7C-BF83-34219AA62E9A}.Debug|Any CPU.Build.0 = Debug|Any CPU
		{4843B375-9C4D-4C7C-BF83-34219AA62E9A}.Release|Any CPU.ActiveCfg = Release|Any CPU
		{4843B375-9C4D-4C7C-BF83-34219AA62E9A}.Release|Any CPU.Build.0 = Release|Any CPU
		{B79553A5-7B26-40C9-8BD7-79414356E9B3}.Debug|Any CPU.ActiveCfg = Debug|Any CPU
		{B79553A5-7B26-40C9-8BD7-79414356E9B3}.Debug|Any CPU.Build.0 = Debug|Any CPU
		{B79553A5-7B26-40C9-8BD7-79414356E9B3}.Release|Any CPU.ActiveCfg = Release|Any CPU
		{B79553A5-7B26-40C9-8BD7-79414356E9B3}.Release|Any CPU.Build.0 = Release|Any CPU
		{538671ED-6D80-4577-B928-D2C281E7F8CC}.Debug|Any CPU.ActiveCfg = Debug|Any CPU
		{538671ED-6D80-4577-B928-D2C281E7F8CC}.Debug|Any CPU.Build.0 = Debug|Any CPU
		{538671ED-6D80-4577-B928-D2C281E7F8CC}.Release|Any CPU.ActiveCfg = Release|Any CPU
		{538671ED-6D80-4577-B928-D2C281E7F8CC}.Release|Any CPU.Build.0 = Release|Any CPU
		{A7B3D161-B8A7-4B24-8A4E-C05F1FAD784F}.Debug|Any CPU.ActiveCfg = Debug|Any CPU
		{A7B3D161-B8A7-4B24-8A4E-C05F1FAD784F}.Debug|Any CPU.Build.0 = Debug|Any CPU
		{A7B3D161-B8A7-4B24-8A4E-C05F1FAD784F}.Release|Any CPU.ActiveCfg = Release|Any CPU
		{A7B3D161-B8A7-4B24-8A4E-C05F1FAD784F}.Release|Any CPU.Build.0 = Release|Any CPU
		{E47332C7-E7A0-471C-9902-C68900C33008}.Debug|Any CPU.ActiveCfg = Debug|Any CPU
		{E47332C7-E7A0-471C-9902-C68900C33008}.Debug|Any CPU.Build.0 = Debug|Any CPU
		{E47332C7-E7A0-471C-9902-C68900C33008}.Release|Any CPU.ActiveCfg = Release|Any CPU
		{E47332C7-E7A0-471C-9902-C68900C33008}.Release|Any CPU.Build.0 = Release|Any CPU
		{C69BE938-7DAE-4E99-A94F-C5CDF0BE14CE}.Debug|Any CPU.ActiveCfg = Debug|Any CPU
		{C69BE938-7DAE-4E99-A94F-C5CDF0BE14CE}.Debug|Any CPU.Build.0 = Debug|Any CPU
		{C69BE938-7DAE-4E99-A94F-C5CDF0BE14CE}.Release|Any CPU.ActiveCfg = Release|Any CPU
		{C69BE938-7DAE-4E99-A94F-C5CDF0BE14CE}.Release|Any CPU.Build.0 = Release|Any CPU
		{F7F4BAD3-61B4-40A2-8673-0801126C645A}.Debug|Any CPU.ActiveCfg = Debug|Any CPU
		{F7F4BAD3-61B4-40A2-8673-0801126C645A}.Debug|Any CPU.Build.0 = Debug|Any CPU
		{F7F4BAD3-61B4-40A2-8673-0801126C645A}.Release|Any CPU.ActiveCfg = Release|Any CPU
		{F7F4BAD3-61B4-40A2-8673-0801126C645A}.Release|Any CPU.Build.0 = Release|Any CPU
		{4F2A2790-F4D2-4A27-A7BA-E424DB29B4FC}.Debug|Any CPU.ActiveCfg = Debug|Any CPU
		{4F2A2790-F4D2-4A27-A7BA-E424DB29B4FC}.Debug|Any CPU.Build.0 = Debug|Any CPU
		{4F2A2790-F4D2-4A27-A7BA-E424DB29B4FC}.Release|Any CPU.ActiveCfg = Release|Any CPU
		{4F2A2790-F4D2-4A27-A7BA-E424DB29B4FC}.Release|Any CPU.Build.0 = Release|Any CPU
		{3E686F4F-AE7F-4DD9-94D3-F234FF23D467}.Debug|Any CPU.ActiveCfg = Debug|Any CPU
		{3E686F4F-AE7F-4DD9-94D3-F234FF23D467}.Debug|Any CPU.Build.0 = Debug|Any CPU
		{3E686F4F-AE7F-4DD9-94D3-F234FF23D467}.Release|Any CPU.ActiveCfg = Release|Any CPU
		{3E686F4F-AE7F-4DD9-94D3-F234FF23D467}.Release|Any CPU.Build.0 = Release|Any CPU
		{D7674729-20FA-437B-8A90-14604F43987D}.Debug|Any CPU.ActiveCfg = Debug|Any CPU
		{D7674729-20FA-437B-8A90-14604F43987D}.Debug|Any CPU.Build.0 = Debug|Any CPU
		{D7674729-20FA-437B-8A90-14604F43987D}.Release|Any CPU.ActiveCfg = Release|Any CPU
		{D7674729-20FA-437B-8A90-14604F43987D}.Release|Any CPU.Build.0 = Release|Any CPU
		{1F34D60B-FCE3-4BD8-9D5F-9F0175472308}.Debug|Any CPU.ActiveCfg = Debug|Any CPU
		{1F34D60B-FCE3-4BD8-9D5F-9F0175472308}.Debug|Any CPU.Build.0 = Debug|Any CPU
		{1F34D60B-FCE3-4BD8-9D5F-9F0175472308}.Release|Any CPU.ActiveCfg = Release|Any CPU
		{1F34D60B-FCE3-4BD8-9D5F-9F0175472308}.Release|Any CPU.Build.0 = Release|Any CPU
		{E3E174D7-8CF2-4375-85AC-0EDC868217E0}.Debug|Any CPU.ActiveCfg = Debug|Any CPU
		{E3E174D7-8CF2-4375-85AC-0EDC868217E0}.Debug|Any CPU.Build.0 = Debug|Any CPU
		{E3E174D7-8CF2-4375-85AC-0EDC868217E0}.Release|Any CPU.ActiveCfg = Release|Any CPU
		{E3E174D7-8CF2-4375-85AC-0EDC868217E0}.Release|Any CPU.Build.0 = Release|Any CPU
		{3A3C0122-61FB-4CF0-BD97-F6B5BFC5F229}.Debug|Any CPU.ActiveCfg = Debug|Any CPU
		{3A3C0122-61FB-4CF0-BD97-F6B5BFC5F229}.Debug|Any CPU.Build.0 = Debug|Any CPU
		{3A3C0122-61FB-4CF0-BD97-F6B5BFC5F229}.Release|Any CPU.ActiveCfg = Release|Any CPU
		{3A3C0122-61FB-4CF0-BD97-F6B5BFC5F229}.Release|Any CPU.Build.0 = Release|Any CPU
		{F307A624-E713-4861-ABAE-A61E8C32DCF5}.Debug|Any CPU.ActiveCfg = Debug|Any CPU
		{F307A624-E713-4861-ABAE-A61E8C32DCF5}.Debug|Any CPU.Build.0 = Debug|Any CPU
		{F307A624-E713-4861-ABAE-A61E8C32DCF5}.Release|Any CPU.ActiveCfg = Release|Any CPU
		{F307A624-E713-4861-ABAE-A61E8C32DCF5}.Release|Any CPU.Build.0 = Release|Any CPU
		{6F3CC332-5C3B-4352-B192-62E66D9028FE}.Debug|Any CPU.ActiveCfg = Debug|Any CPU
		{6F3CC332-5C3B-4352-B192-62E66D9028FE}.Debug|Any CPU.Build.0 = Debug|Any CPU
		{6F3CC332-5C3B-4352-B192-62E66D9028FE}.Release|Any CPU.ActiveCfg = Release|Any CPU
		{6F3CC332-5C3B-4352-B192-62E66D9028FE}.Release|Any CPU.Build.0 = Release|Any CPU
	EndGlobalSection
	GlobalSection(SolutionProperties) = preSolution
		HideSolutionNode = FALSE
	EndGlobalSection
	GlobalSection(NestedProjects) = preSolution
		{C64E4445-955C-42D5-AA4A-BAA1C74E3322} = {9E866E7A-12EC-4409-8FFA-B7111A19B31E}
		{C4BD9025-08AE-4AA4-BE10-6BC19E9D6F43} = {9E866E7A-12EC-4409-8FFA-B7111A19B31E}
		{D02EDB99-DF50-4DAC-85BB-362ECD50067F} = {9E866E7A-12EC-4409-8FFA-B7111A19B31E}
		{E321DE56-A99E-4714-A88B-C607C3594CEE} = {9E866E7A-12EC-4409-8FFA-B7111A19B31E}
		{4843B375-9C4D-4C7C-BF83-34219AA62E9A} = {9E866E7A-12EC-4409-8FFA-B7111A19B31E}
		{B79553A5-7B26-40C9-8BD7-79414356E9B3} = {E0851951-FCB0-41BC-8F3C-5D7D6FC2841C}
		{538671ED-6D80-4577-B928-D2C281E7F8CC} = {E0851951-FCB0-41BC-8F3C-5D7D6FC2841C}
		{A7B3D161-B8A7-4B24-8A4E-C05F1FAD784F} = {E0851951-FCB0-41BC-8F3C-5D7D6FC2841C}
		{E47332C7-E7A0-471C-9902-C68900C33008} = {E0851951-FCB0-41BC-8F3C-5D7D6FC2841C}
		{C69BE938-7DAE-4E99-A94F-C5CDF0BE14CE} = {E0851951-FCB0-41BC-8F3C-5D7D6FC2841C}
		{F7F4BAD3-61B4-40A2-8673-0801126C645A} = {689E477A-EB25-48AF-9255-DD9142C13DE3}
		{4F2A2790-F4D2-4A27-A7BA-E424DB29B4FC} = {689E477A-EB25-48AF-9255-DD9142C13DE3}
		{3E686F4F-AE7F-4DD9-94D3-F234FF23D467} = {689E477A-EB25-48AF-9255-DD9142C13DE3}
		{D7674729-20FA-437B-8A90-14604F43987D} = {689E477A-EB25-48AF-9255-DD9142C13DE3}
		{1F34D60B-FCE3-4BD8-9D5F-9F0175472308} = {3AA89716-55B9-4A3F-AA0B-4D83CADC8854}
		{E3E174D7-8CF2-4375-85AC-0EDC868217E0} = {3AA89716-55B9-4A3F-AA0B-4D83CADC8854}
		{3A3C0122-61FB-4CF0-BD97-F6B5BFC5F229} = {3AA89716-55B9-4A3F-AA0B-4D83CADC8854}
		{F307A624-E713-4861-ABAE-A61E8C32DCF5} = {3AA89716-55B9-4A3F-AA0B-4D83CADC8854}
		{6F3CC332-5C3B-4352-B192-62E66D9028FE} = {4A741A04-7C87-49EB-AC41-CC5E18AFCCBB}
	EndGlobalSection
	GlobalSection(ExtensibilityGlobals) = postSolution
		SolutionGuid = {388052CE-80C7-4446-9FA3-8E054AFBF62A}
	EndGlobalSection
EndGlobal
